
Microsoft Visual Studio Solution File, Format Version 12.00
# Visual Studio Version 18
VisualStudioVersion = 18.7.12002.237 oobstable
MinimumVisualStudioVersion = 10.0.40219.1
Project("{2150E333-8FDC-42A3-9474-1A3956D46DE8}") = "src", "src", "{827E0CD3-B72D-47B6-A68D-7590B98EB39B}"
EndProject
Project("{FAE04EC0-301F-11D3-BF4B-00C04F79EFBC}") = "ShipGame.Content", "src\ShipGame.Content\ShipGame.Content.csproj", "{5222E3A1-2D95-4C4B-B0C4-475FE7E7CF39}"
EndProject
Project("{FAE04EC0-301F-11D3-BF4B-00C04F79EFBC}") = "ShipGame.Domain", "src\ShipGame.Domain\ShipGame.Domain.csproj", "{444BE632-A395-4E43-A838-DB01FBF2230F}"
EndProject
Project("{FAE04EC0-301F-11D3-BF4B-00C04F79EFBC}") = "ShipGame.Ecs", "src\ShipGame.Ecs\ShipGame.Ecs.csproj", "{D916CD4B-CAED-4633-820E-165AF9021255}"
EndProject
Project("{FAE04EC0-301F-11D3-BF4B-00C04F79EFBC}") = "ShipGame.Game", "src\ShipGame.Game\ShipGame.Game.csproj", "{A9169578-CC96-4E53-9C3D-242ECB36CE91}"
EndProject
Project("{FAE04EC0-301F-11D3-BF4B-00C04F79EFBC}") = "ShipGame.Persistence", "src\ShipGame.Persistence\ShipGame.Persistence.csproj", "{7B6C705C-3EF7-48B0-AB36-00A018257F4D}"
EndProject
Project("{FAE04EC0-301F-11D3-BF4B-00C04F79EFBC}") = "ShipGame.Simulation", "src\ShipGame.Simulation\ShipGame.Simulation.csproj", "{7188E99B-74FD-4AA1-8054-0B4A1384E711}"
EndProject
Project("{FAE04EC0-301F-11D3-BF4B-00C04F79EFBC}") = "ShipGame.Telemetry", "src\ShipGame.Telemetry\ShipGame.Telemetry.csproj", "{8C307C7A-580C-4554-944E-AB179F89EBA4}"
EndProject
Project("{FAE04EC0-301F-11D3-BF4B-00C04F79EFBC}") = "ShipGame.ContentBuilder", "tools\ShipGame.ContentBuilder\ShipGame.ContentBuilder.csproj", "{4FB96C69-A7EB-4CA1-9BD7-5B3E10558160}"
EndProject
Project("{FAE04EC0-301F-11D3-BF4B-00C04F79EFBC}") = "ShipGame.Architecture.Tests", "tests\ShipGame.Architecture.Tests\ShipGame.Architecture.Tests.csproj", "{85CC95F4-7CCA-4818-B0B9-D50D09764140}"
EndProject
Project("{FAE04EC0-301F-11D3-BF4B-00C04F79EFBC}") = "ShipGame.Content.Tests", "tests\ShipGame.Content.Tests\ShipGame.Content.Tests.csproj", "{3DF672DF-A779-4917-91C1-E2103927D614}"
EndProject
Project("{FAE04EC0-301F-11D3-BF4B-00C04F79EFBC}") = "ShipGame.Ecs.Tests", "tests\ShipGame.Ecs.Tests\ShipGame.Ecs.Tests.csproj", "{B1C9A326-22BB-45A2-BC4B-9F6A83109B76}"
EndProject
Project("{FAE04EC0-301F-11D3-BF4B-00C04F79EFBC}") = "ShipGame.Game.Smoke.Tests", "tests\ShipGame.Game.Smoke.Tests\ShipGame.Game.Smoke.Tests.csproj", "{4CA1C740-7A1C-4755-821E-3D423BBB654D}"
EndProject
Project("{FAE04EC0-301F-11D3-BF4B-00C04F79EFBC}") = "ShipGame.Persistence.Tests", "tests\ShipGame.Persistence.Tests\ShipGame.Persistence.Tests.csproj", "{7224DBD6-C37E-4963-851F-B1E8A69323F2}"
EndProject
Project("{FAE04EC0-301F-11D3-BF4B-00C04F79EFBC}") = "ShipGame.Simulation.Tests", "tests\ShipGame.Simulation.Tests\ShipGame.Simulation.Tests.csproj", "{8F9D8E5E-E5EE-414D-867B-87B4665CD937}"
EndProject
Project("{2150E333-8FDC-42A3-9474-1A3956D46DE8}") = "tests", "tests", "{0AB3BF05-4346-4AA6-1389-037BE0695223}"
EndProject
Project("{FAE04EC0-301F-11D3-BF4B-00C04F79EFBC}") = "ShipGame.Telemetry.Tests", "tests\ShipGame.Telemetry.Tests\ShipGame.Telemetry.Tests.csproj", "{DDA6664A-933E-4EE5-839C-48C78D02F3D9}"
EndProject
Project("{2150E333-8FDC-42A3-9474-1A3956D46DE8}") = "tools", "tools", "{6400BD3B-EB36-4F92-884F-DA3B69F10665}"
EndProject
Global
	GlobalSection(SolutionConfigurationPlatforms) = preSolution
		Debug|Any CPU = Debug|Any CPU
		Debug|x64 = Debug|x64
		Debug|x86 = Debug|x86
		Release|Any CPU = Release|Any CPU
		Release|x64 = Release|x64
		Release|x86 = Release|x86
	EndGlobalSection
	GlobalSection(ProjectConfigurationPlatforms) = postSolution
		{5222E3A1-2D95-4C4B-B0C4-475FE7E7CF39}.Debug|Any CPU.ActiveCfg = Debug|Any CPU
		{5222E3A1-2D95-4C4B-B0C4-475FE7E7CF39}.Debug|Any CPU.Build.0 = Debug|Any CPU
		{5222E3A1-2D95-4C4B-B0C4-475FE7E7CF39}.Debug|x64.ActiveCfg = Debug|Any CPU
		{5222E3A1-2D95-4C4B-B0C4-475FE7E7CF39}.Debug|x64.Build.0 = Debug|Any CPU
		{5222E3A1-2D95-4C4B-B0C4-475FE7E7CF39}.Debug|x86.ActiveCfg = Debug|Any CPU
		{5222E3A1-2D95-4C4B-B0C4-475FE7E7CF39}.Debug|x86.Build.0 = Debug|Any CPU
		{5222E3A1-2D95-4C4B-B0C4-475FE7E7CF39}.Release|Any CPU.ActiveCfg = Release|Any CPU
		{5222E3A1-2D95-4C4B-B0C4-475FE7E7CF39}.Release|Any CPU.Build.0 = Release|Any CPU
		{5222E3A1-2D95-4C4B-B0C4-475FE7E7CF39}.Release|x64.ActiveCfg = Release|Any CPU
		{5222E3A1-2D95-4C4B-B0C4-475FE7E7CF39}.Release|x64.Build.0 = Release|Any CPU
		{5222E3A1-2D95-4C4B-B0C4-475FE7E7CF39}.Release|x86.ActiveCfg = Release|Any CPU
		{5222E3A1-2D95-4C4B-B0C4-475FE7E7CF39}.Release|x86.Build.0 = Release|Any CPU
		{444BE632-A395-4E43-A838-DB01FBF2230F}.Debug|Any CPU.ActiveCfg = Debug|Any CPU
		{444BE632-A395-4E43-A838-DB01FBF2230F}.Debug|Any CPU.Build.0 = Debug|Any CPU
		{444BE632-A395-4E43-A838-DB01FBF2230F}.Debug|x64.ActiveCfg = Debug|Any CPU
		{444BE632-A395-4E43-A838-DB01FBF2230F}.Debug|x64.Build.0 = Debug|Any CPU
		{444BE632-A395-4E43-A838-DB01FBF2230F}.Debug|x86.ActiveCfg = Debug|Any CPU
		{444BE632-A395-4E43-A838-DB01FBF2230F}.Debug|x86.Build.0 = Debug|Any CPU
		{444BE632-A395-4E43-A838-DB01FBF2230F}.Release|Any CPU.ActiveCfg = Release|Any CPU
		{444BE632-A395-4E43-A838-DB01FBF2230F}.Release|Any CPU.Build.0 = Release|Any CPU
		{444BE632-A395-4E43-A838-DB01FBF2230F}.Release|x64.ActiveCfg = Release|Any CPU
		{444BE632-A395-4E43-A838-DB01FBF2230F}.Release|x64.Build.0 = Release|Any CPU
		{444BE632-A395-4E43-A838-DB01FBF2230F}.Release|x86.ActiveCfg = Release|Any CPU
		{444BE632-A395-4E43-A838-DB01FBF2230F}.Release|x86.Build.0 = Release|Any CPU
		{D916CD4B-CAED-4633-820E-165AF9021255}.Debug|Any CPU.ActiveCfg = Debug|Any CPU
		{D916CD4B-CAED-4633-820E-165AF9021255}.Debug|Any CPU.Build.0 = Debug|Any CPU
		{D916CD4B-CAED-4633-820E-165AF9021255}.Debug|x64.ActiveCfg = Debug|Any CPU
		{D916CD4B-CAED-4633-820E-165AF9021255}.Debug|x64.Build.0 = Debug|Any CPU
		{D916CD4B-CAED-4633-820E-165AF9021255}.Debug|x86.ActiveCfg = Debug|Any CPU
		{D916CD4B-CAED-4633-820E-165AF9021255}.Debug|x86.Build.0 = Debug|Any CPU
		{D916CD4B-CAED-4633-820E-165AF9021255}.Release|Any CPU.ActiveCfg = Release|Any CPU
		{D916CD4B-CAED-4633-820E-165AF9021255}.Release|Any CPU.Build.0 = Release|Any CPU
		{D916CD4B-CAED-4633-820E-165AF9021255}.Release|x64.ActiveCfg = Release|Any CPU
		{D916CD4B-CAED-4633-820E-165AF9021255}.Release|x64.Build.0 = Release|Any CPU
		{D916CD4B-CAED-4633-820E-165AF9021255}.Release|x86.ActiveCfg = Release|Any CPU
		{D916CD4B-CAED-4633-820E-165AF9021255}.Release|x86.Build.0 = Release|Any CPU
		{A9169578-CC96-4E53-9C3D-242ECB36CE91}.Debug|Any CPU.ActiveCfg = Debug|Any CPU
		{A9169578-CC96-4E53-9C3D-242ECB36CE91}.Debug|Any CPU.Build.0 = Debug|Any CPU
		{A9169578-CC96-4E53-9C3D-242ECB36CE91}.Debug|x64.ActiveCfg = Debug|Any CPU
		{A9169578-CC96-4E53-9C3D-242ECB36CE91}.Debug|x64.Build.0 = Debug|Any CPU
		{A9169578-CC96-4E53-9C3D-242ECB36CE91}.Debug|x86.ActiveCfg = Debug|Any CPU
		{A9169578-CC96-4E53-9C3D-242ECB36CE91}.Debug|x86.Build.0 = Debug|Any CPU
		{A9169578-CC96-4E53-9C3D-242ECB36CE91}.Release|Any CPU.ActiveCfg = Release|Any CPU
		{A9169578-CC96-4E53-9C3D-242ECB36CE91}.Release|Any CPU.Build.0 = Release|Any CPU
		{A9169578-CC96-4E53-9C3D-242ECB36CE91}.Release|x64.ActiveCfg = Release|Any CPU
		{A9169578-CC96-4E53-9C3D-242ECB36CE91}.Release|x64.Build.0 = Release|Any CPU
		{A9169578-CC96-4E53-9C3D-242ECB36CE91}.Release|x86.ActiveCfg = Release|Any CPU
		{A9169578-CC96-4E53-9C3D-242ECB36CE91}.Release|x86.Build.0 = Release|Any CPU
		{7B6C705C-3EF7-48B0-AB36-00A018257F4D}.Debug|Any CPU.ActiveCfg = Debug|Any CPU
		{7B6C705C-3EF7-48B0-AB36-00A018257F4D}.Debug|Any CPU.Build.0 = Debug|Any CPU
		{7B6C705C-3EF7-48B0-AB36-00A018257F4D}.Debug|x64.ActiveCfg = Debug|Any CPU
		{7B6C705C-3EF7-48B0-AB36-00A018257F4D}.Debug|x64.Build.0 = Debug|Any CPU
		{7B6C705C-3EF7-48B0-AB36-00A018257F4D}.Debug|x86.ActiveCfg = Debug|Any CPU
		{7B6C705C-3EF7-48B0-AB36-00A018257F4D}.Debug|x86.Build.0 = Debug|Any CPU
		{7B6C705C-3EF7-48B0-AB36-00A018257F4D}.Release|Any CPU.ActiveCfg = Release|Any CPU
		{7B6C705C-3EF7-48B0-AB36-00A018257F4D}.Release|Any CPU.Build.0 = Release|Any CPU
		{7B6C705C-3EF7-48B0-AB36-00A018257F4D}.Release|x64.ActiveCfg = Release|Any CPU
		{7B6C705C-3EF7-48B0-AB36-00A018257F4D}.Release|x64.Build.0 = Release|Any CPU
		{7B6C705C-3EF7-48B0-AB36-00A018257F4D}.Release|x86.ActiveCfg = Release|Any CPU
		{7B6C705C-3EF7-48B0-AB36-00A018257F4D}.Release|x86.Build.0 = Release|Any CPU
		{7188E99B-74FD-4AA1-8054-0B4A1384E711}.Debug|Any CPU.ActiveCfg = Debug|Any CPU
		{7188E99B-74FD-4AA1-8054-0B4A1384E711}.Debug|Any CPU.Build.0 = Debug|Any CPU
		{7188E99B-74FD-4AA1-8054-0B4A1384E711}.Debug|x64.ActiveCfg = Debug|Any CPU
		{7188E99B-74FD-4AA1-8054-0B4A1384E711}.Debug|x64.Build.0 = Debug|Any CPU
		{7188E99B-74FD-4AA1-8054-0B4A1384E711}.Debug|x86.ActiveCfg = Debug|Any CPU
		{7188E99B-74FD-4AA1-8054-0B4A1384E711}.Debug|x86.Build.0 = Debug|Any CPU
		{7188E99B-74FD-4AA1-8054-0B4A1384E711}.Release|Any CPU.ActiveCfg = Release|Any CPU
		{7188E99B-74FD-4AA1-8054-0B4A1384E711}.Release|Any CPU.Build.0 = Release|Any CPU
		{7188E99B-74FD-4AA1-8054-0B4A1384E711}.Release|x64.ActiveCfg = Release|Any CPU
		{7188E99B-74FD-4AA1-8054-0B4A1384E711}.Release|x64.Build.0 = Release|Any CPU
		{7188E99B-74FD-4AA1-8054-0B4A1384E711}.Release|x86.ActiveCfg = Release|Any CPU
		{7188E99B-74FD-4AA1-8054-0B4A1384E711}.Release|x86.Build.0 = Release|Any CPU
		{8C307C7A-580C-4554-944E-AB179F89EBA4}.Debug|Any CPU.ActiveCfg = Debug|Any CPU
		{8C307C7A-580C-4554-944E-AB179F89EBA4}.Debug|Any CPU.Build.0 = Debug|Any CPU
		{8C307C7A-580C-4554-944E-AB179F89EBA4}.Debug|x64.ActiveCfg = Debug|Any CPU
		{8C307C7A-580C-4554-944E-AB179F89EBA4}.Debug|x64.Build.0 = Debug|Any CPU
		{8C307C7A-580C-4554-944E-AB179F89EBA4}.Debug|x86.ActiveCfg = Debug|Any CPU
		{8C307C7A-580C-4554-944E-AB179F89EBA4}.Debug|x86.Build.0 = Debug|Any CPU
		{8C307C7A-580C-4554-944E-AB179F89EBA4}.Release|Any CPU.ActiveCfg = Release|Any CPU
		{8C307C7A-580C-4554-944E-AB179F89EBA4}.Release|Any CPU.Build.0 = Release|Any CPU
		{8C307C7A-580C-4554-944E-AB179F89EBA4}.Release|x64.ActiveCfg = Release|Any CPU
		{8C307C7A-580C-4554-944E-AB179F89EBA4}.Release|x64.Build.0 = Release|Any CPU
		{8C307C7A-580C-4554-944E-AB179F89EBA4}.Release|x86.ActiveCfg = Release|Any CPU
		{8C307C7A-580C-4554-944E-AB179F89EBA4}.Release|x86.Build.0 = Release|Any CPU
		{4FB96C69-A7EB-4CA1-9BD7-5B3E10558160}.Debug|Any CPU.ActiveCfg = Debug|Any CPU
		{4FB96C69-A7EB-4CA1-9BD7-5B3E10558160}.Debug|Any CPU.Build.0 = Debug|Any CPU
		{4FB96C69-A7EB-4CA1-9BD7-5B3E10558160}.Debug|x64.ActiveCfg = Debug|Any CPU
		{4FB96C69-A7EB-4CA1-9BD7-5B3E10558160}.Debug|x64.Build.0 = Debug|Any CPU
		{4FB96C69-A7EB-4CA1-9BD7-5B3E10558160}.Debug|x86.ActiveCfg = Debug|Any CPU
		{4FB96C69-A7EB-4CA1-9BD7-5B3E10558160}.Debug|x86.Build.0 = Debug|Any CPU
		{4FB96C69-A7EB-4CA1-9BD7-5B3E10558160}.Release|Any CPU.ActiveCfg = Release|Any CPU
		{4FB96C69-A7EB-4CA1-9BD7-5B3E10558160}.Release|Any CPU.Build.0 = Release|Any CPU
		{4FB96C69-A7EB-4CA1-9BD7-5B3E10558160}.Release|x64.ActiveCfg = Release|Any CPU
		{4FB96C69-A7EB-4CA1-9BD7-5B3E10558160}.Release|x64.Build.0 = Release|Any CPU
		{4FB96C69-A7EB-4CA1-9BD7-5B3E10558160}.Release|x86.ActiveCfg = Release|Any CPU
		{4FB96C69-A7EB-4CA1-9BD7-5B3E10558160}.Release|x86.Build.0 = Release|Any CPU
		{85CC95F4-7CCA-4818-B0B9-D50D09764140}.Debug|Any CPU.ActiveCfg = Debug|Any CPU
		{85CC95F4-7CCA-4818-B0B9-D50D09764140}.Debug|Any CPU.Build.0 = Debug|Any CPU
		{85CC95F4-7CCA-4818-B0B9-D50D09764140}.Debug|x64.ActiveCfg = Debug|Any CPU
		{85CC95F4-7CCA-4818-B0B9-D50D09764140}.Debug|x64.Build.0 = Debug|Any CPU
		{85CC95F4-7CCA-4818-B0B9-D50D09764140}.Debug|x86.ActiveCfg = Debug|Any CPU
		{85CC95F4-7CCA-4818-B0B9-D50D09764140}.Debug|x86.Build.0 = Debug|Any CPU
		{85CC95F4-7CCA-4818-B0B9-D50D09764140}.Release|Any CPU.ActiveCfg = Release|Any CPU
		{85CC95F4-7CCA-4818-B0B9-D50D09764140}.Release|Any CPU.Build.0 = Release|Any CPU
		{85CC95F4-7CCA-4818-B0B9-D50D09764140}.Release|x64.ActiveCfg = Release|Any CPU
		{85CC95F4-7CCA-4818-B0B9-D50D09764140}.Release|x64.Build.0 = Release|Any CPU
		{85CC95F4-7CCA-4818-B0B9-D50D09764140}.Release|x86.ActiveCfg = Release|Any CPU
		{85CC95F4-7CCA-4818-B0B9-D50D09764140}.Release|x86.Build.0 = Release|Any CPU
		{3DF672DF-A779-4917-91C1-E2103927D614}.Debug|Any CPU.ActiveCfg = Debug|Any CPU
		{3DF672DF-A779-4917-91C1-E2103927D614}.Debug|Any CPU.Build.0 = Debug|Any CPU
		{3DF672DF-A779-4917-91C1-E2103927D614}.Debug|x64.ActiveCfg = Debug|Any CPU
		{3DF672DF-A779-4917-91C1-E2103927D614}.Debug|x64.Build.0 = Debug|Any CPU
		{3DF672DF-A779-4917-91C1-E2103927D614}.Debug|x86.ActiveCfg = Debug|Any CPU
		{3DF672DF-A779-4917-91C1-E2103927D614}.Debug|x86.Build.0 = Debug|Any CPU
		{3DF672DF-A779-4917-91C1-E2103927D614}.Release|Any CPU.ActiveCfg = Release|Any CPU
		{3DF672DF-A779-4917-91C1-E2103927D614}.Release|Any CPU.Build.0 = Release|Any CPU
		{3DF672DF-A779-4917-91C1-E2103927D614}.Release|x64.ActiveCfg = Release|Any CPU
		{3DF672DF-A779-4917-91C1-E2103927D614}.Release|x64.Build.0 = Release|Any CPU
		{3DF672DF-A779-4917-91C1-E2103927D614}.Release|x86.ActiveCfg = Release|Any CPU
		{3DF672DF-A779-4917-91C1-E2103927D614}.Release|x86.Build.0 = Release|Any CPU
		{B1C9A326-22BB-45A2-BC4B-9F6A83109B76}.Debug|Any CPU.ActiveCfg = Debug|Any CPU
		{B1C9A326-22BB-45A2-BC4B-9F6A83109B76}.Debug|Any CPU.Build.0 = Debug|Any CPU
		{B1C9A326-22BB-45A2-BC4B-9F6A83109B76}.Debug|x64.ActiveCfg = Debug|Any CPU
		{B1C9A326-22BB-45A2-BC4B-9F6A83109B76}.Debug|x64.Build.0 = Debug|Any CPU
		{B1C9A326-22BB-45A2-BC4B-9F6A83109B76}.Debug|x86.ActiveCfg = Debug|Any CPU
		{B1C9A326-22BB-45A2-BC4B-9F6A83109B76}.Debug|x86.Build.0 = Debug|Any CPU
		{B1C9A326-22BB-45A2-BC4B-9F6A83109B76}.Release|Any CPU.ActiveCfg = Release|Any CPU
		{B1C9A326-22BB-45A2-BC4B-9F6A83109B76}.Release|Any CPU.Build.0 = Release|Any CPU
		{B1C9A326-22BB-45A2-BC4B-9F6A83109B76}.Release|x64.ActiveCfg = Release|Any CPU
		{B1C9A326-22BB-45A2-BC4B-9F6A83109B76}.Release|x64.Build.0 = Release|Any CPU
		{B1C9A326-22BB-45A2-BC4B-9F6A83109B76}.Release|x86.ActiveCfg = Release|Any CPU
		{B1C9A326-22BB-45A2-BC4B-9F6A83109B76}.Release|x86.Build.0 = Release|Any CPU
		{4CA1C740-7A1C-4755-821E-3D423BBB654D}.Debug|Any CPU.ActiveCfg = Debug|Any CPU
		{4CA1C740-7A1C-4755-821E-3D423BBB654D}.Debug|Any CPU.Build.0 = Debug|Any CPU
		{4CA1C740-7A1C-4755-821E-3D423BBB654D}.Debug|x64.ActiveCfg = Debug|Any CPU
		{4CA1C740-7A1C-4755-821E-3D423BBB654D}.Debug|x64.Build.0 = Debug|Any CPU
		{4CA1C740-7A1C-4755-821E-3D423BBB654D}.Debug|x86.ActiveCfg = Debug|Any CPU
		{4CA1C740-7A1C-4755-821E-3D423BBB654D}.Debug|x86.Build.0 = Debug|Any CPU
		{4CA1C740-7A1C-4755-821E-3D423BBB654D}.Release|Any CPU.ActiveCfg = Release|Any CPU
		{4CA1C740-7A1C-4755-821E-3D423BBB654D}.Release|Any CPU.Build.0 = Release|Any CPU
		{4CA1C740-7A1C-4755-821E-3D423BBB654D}.Release|x64.ActiveCfg = Release|Any CPU
		{4CA1C740-7A1C-4755-821E-3D423BBB654D}.Release|x64.Build.0 = Release|Any CPU
		{4CA1C740-7A1C-4755-821E-3D423BBB654D}.Release|x86.ActiveCfg = Release|Any CPU
		{4CA1C740-7A1C-4755-821E-3D423BBB654D}.Release|x86.Build.0 = Release|Any CPU
		{7224DBD6-C37E-4963-851F-B1E8A69323F2}.Debug|Any CPU.ActiveCfg = Debug|Any CPU
		{7224DBD6-C37E-4963-851F-B1E8A69323F2}.Debug|Any CPU.Build.0 = Debug|Any CPU
		{7224DBD6-C37E-4963-851F-B1E8A69323F2}.Debug|x64.ActiveCfg = Debug|Any CPU
		{7224DBD6-C37E-4963-851F-B1E8A69323F2}.Debug|x64.Build.0 = Debug|Any CPU
		{7224DBD6-C37E-4963-851F-B1E8A69323F2}.Debug|x86.ActiveCfg = Debug|Any CPU
		{7224DBD6-C37E-4963-851F-B1E8A69323F2}.Debug|x86.Build.0 = Debug|Any CPU
		{7224DBD6-C37E-4963-851F-B1E8A69323F2}.Release|Any CPU.ActiveCfg = Release|Any CPU
		{7224DBD6-C37E-4963-851F-B1E8A69323F2}.Release|Any CPU.Build.0 = Release|Any CPU
		{7224DBD6-C37E-4963-851F-B1E8A69323F2}.Release|x64.ActiveCfg = Release|Any CPU
		{7224DBD6-C37E-4963-851F-B1E8A69323F2}.Release|x64.Build.0 = Release|Any CPU
		{7224DBD6-C37E-4963-851F-B1E8A69323F2}.Release|x86.ActiveCfg = Release|Any CPU
		{7224DBD6-C37E-4963-851F-B1E8A69323F2}.Release|x86.Build.0 = Release|Any CPU
		{8F9D8E5E-E5EE-414D-867B-87B4665CD937}.Debug|Any CPU.ActiveCfg = Debug|Any CPU
		{8F9D8E5E-E5EE-414D-867B-87B4665CD937}.Debug|Any CPU.Build.0 = Debug|Any CPU
		{8F9D8E5E-E5EE-414D-867B-87B4665CD937}.Debug|x64.ActiveCfg = Debug|Any CPU
		{8F9D8E5E-E5EE-414D-867B-87B4665CD937}.Debug|x64.Build.0 = Debug|Any CPU
		{8F9D8E5E-E5EE-414D-867B-87B4665CD937}.Debug|x86.ActiveCfg = Debug|Any CPU
		{8F9D8E5E-E5EE-414D-867B-87B4665CD937}.Debug|x86.Build.0 = Debug|Any CPU
		{8F9D8E5E-E5EE-414D-867B-87B4665CD937}.Release|Any CPU.ActiveCfg = Release|Any CPU
		{8F9D8E5E-E5EE-414D-867B-87B4665CD937}.Release|Any CPU.Build.0 = Release|Any CPU
		{8F9D8E5E-E5EE-414D-867B-87B4665CD937}.Release|x64.ActiveCfg = Release|Any CPU
		{8F9D8E5E-E5EE-414D-867B-87B4665CD937}.Release|x64.Build.0 = Release|Any CPU
		{8F9D8E5E-E5EE-414D-867B-87B4665CD937}.Release|x86.ActiveCfg = Release|Any CPU
		{8F9D8E5E-E5EE-414D-867B-87B4665CD937}.Release|x86.Build.0 = Release|Any CPU
		{DDA6664A-933E-4EE5-839C-48C78D02F3D9}.Debug|Any CPU.ActiveCfg = Debug|Any CPU
		{DDA6664A-933E-4EE5-839C-48C78D02F3D9}.Debug|Any CPU.Build.0 = Debug|Any CPU
		{DDA6664A-933E-4EE5-839C-48C78D02F3D9}.Debug|x64.ActiveCfg = Debug|Any CPU
		{DDA6664A-933E-4EE5-839C-48C78D02F3D9}.Debug|x64.Build.0 = Debug|Any CPU
		{DDA6664A-933E-4EE5-839C-48C78D02F3D9}.Debug|x86.ActiveCfg = Debug|Any CPU
		{DDA6664A-933E-4EE5-839C-48C78D02F3D9}.Debug|x86.Build.0 = Debug|Any CPU
		{DDA6664A-933E-4EE5-839C-48C78D02F3D9}.Release|Any CPU.ActiveCfg = Release|Any CPU
		{DDA6664A-933E-4EE5-839C-48C78D02F3D9}.Release|Any CPU.Build.0 = Release|Any CPU
		{DDA6664A-933E-4EE5-839C-48C78D02F3D9}.Release|x64.ActiveCfg = Release|Any CPU
		{DDA6664A-933E-4EE5-839C-48C78D02F3D9}.Release|x64.Build.0 = Release|Any CPU
		{DDA6664A-933E-4EE5-839C-48C78D02F3D9}.Release|x86.ActiveCfg = Release|Any CPU
		{DDA6664A-933E-4EE5-839C-48C78D02F3D9}.Release|x86.Build.0 = Release|Any CPU
	EndGlobalSection
	GlobalSection(SolutionProperties) = preSolution
		HideSolutionNode = FALSE
	EndGlobalSection
	GlobalSection(NestedProjects) = preSolution
		{5222E3A1-2D95-4C4B-B0C4-475FE7E7CF39} = {827E0CD3-B72D-47B6-A68D-7590B98EB39B}
		{444BE632-A395-4E43-A838-DB01FBF2230F} = {827E0CD3-B72D-47B6-A68D-7590B98EB39B}
		{D916CD4B-CAED-4633-820E-165AF9021255} = {827E0CD3-B72D-47B6-A68D-7590B98EB39B}
		{A9169578-CC96-4E53-9C3D-242ECB36CE91} = {827E0CD3-B72D-47B6-A68D-7590B98EB39B}
		{7B6C705C-3EF7-48B0-AB36-00A018257F4D} = {827E0CD3-B72D-47B6-A68D-7590B98EB39B}
		{7188E99B-74FD-4AA1-8054-0B4A1384E711} = {827E0CD3-B72D-47B6-A68D-7590B98EB39B}
		{8C307C7A-580C-4554-944E-AB179F89EBA4} = {827E0CD3-B72D-47B6-A68D-7590B98EB39B}
		{4FB96C69-A7EB-4CA1-9BD7-5B3E10558160} = {6400BD3B-EB36-4F92-884F-DA3B69F10665}
		{85CC95F4-7CCA-4818-B0B9-D50D09764140} = {0AB3BF05-4346-4AA6-1389-037BE0695223}
		{3DF672DF-A779-4917-91C1-E2103927D614} = {0AB3BF05-4346-4AA6-1389-037BE0695223}
		{B1C9A326-22BB-45A2-BC4B-9F6A83109B76} = {0AB3BF05-4346-4AA6-1389-037BE0695223}
		{4CA1C740-7A1C-4755-821E-3D423BBB654D} = {0AB3BF05-4346-4AA6-1389-037BE0695223}
		{7224DBD6-C37E-4963-851F-B1E8A69323F2} = {0AB3BF05-4346-4AA6-1389-037BE0695223}
		{8F9D8E5E-E5EE-414D-867B-87B4665CD937} = {0AB3BF05-4346-4AA6-1389-037BE0695223}
		{DDA6664A-933E-4EE5-839C-48C78D02F3D9} = {0AB3BF05-4346-4AA6-1389-037BE0695223}
	EndGlobalSection
EndGlobal
